<?xml version="1.0" encoding="UTF-8" standalone="yes" ?>
<CodeBlocks_project_file>
	<FileVersion major="1" minor="6" />
	<Project>
		<Option title="Game_Pencil_Engine_IDE" />
		<Option pch_mode="2" />
		<Option compiler="gcc" />
		<MakeCommands>
			<Build command="" />
			<CompileFile command="" />
			<Clean command="" />
			<DistClean command="" />
			<AskRebuildNeeded command="" />
			<SilentBuild command=" &gt; $(CMD_NULL)" />
		</MakeCommands>
		<Build>
			<Target title="Debug">
				<Option output="bin/Debug/Game_Pencil_Engine_IDE" prefix_auto="1" extension_auto="1" />
				<Option object_output="obj/Debug/" />
				<Option type="1" />
				<Option compiler="gcc" />
				<Option use_console_runner="0" />
				<Compiler>
					<Add option="-g" />
				</Compiler>
			</Target>
			<Target title="Release">
				<Option output="bin/Release/Game_Pencil_Engine_IDE" prefix_auto="1" extension_auto="1" />
				<Option object_output="obj/Release/" />
				<Option type="1" />
				<Option compiler="gcc" />
				<Option use_console_runner="0" />
				<Compiler>
					<Add option="-O2" />
					<Add option="-Wfatal-errors" />
					<Add option="-Wextra" />
				</Compiler>
			</Target>
		</Build>
		<Unit filename="resource.rc">
			<Option compilerVar="WINDRES" />
		</Unit>
		<Unit filename="src/GPE_CIncludes.h" />
		<Unit filename="src/GPE_Color.cpp" />
		<Unit filename="src/GPE_Color.h" />
		<Unit filename="src/GPE_Color_Manager.cpp" />
		<Unit filename="src/GPE_Color_Manager.h" />
		<Unit filename="src/GPE_Engine.cpp" />
		<Unit filename="src/GPE_Engine.h" />
		<Unit filename="src/GPE_Globals.cpp" />
		<Unit filename="src/GPE_Globals.h" />
		<Unit filename="src/GPE_Renderer.cpp" />
		<Unit filename="src/GPE_Renderer.h" />
		<Unit filename="src/GPE_Texture.cpp" />
		<Unit filename="src/GPE_Texture.h" />
		<Unit filename="src/audio_resource.cpp" />
		<Unit filename="src/collision_checks.cpp" />
		<Unit filename="src/collision_checks.h" />
		<Unit filename="src/color_master.cpp" />
		<Unit filename="src/color_master.h" />
		<Unit filename="src/constants.h" />
		<Unit filename="src/dictionaryresource.cpp" />
		<Unit filename="src/dictionaryresource.h" />
		<Unit filename="src/fontResource.cpp" />
		<Unit filename="src/fontResource.h" />
		<Unit filename="src/functionResource.cpp" />
		<Unit filename="src/functionResource.h" />
		<Unit filename="src/functions.cpp" />
		<Unit filename="src/functions.h" />
		<Unit filename="src/gameobjectresource.cpp" />
		<Unit filename="src/gameobjectresource.h" />
		<Unit filename="src/gamesceneresource.cpp" />
		<Unit filename="src/gpe_editor.cpp" />
		<Unit filename="src/gpe_editor.h" />
		<Unit filename="src/gpe_editor_aboutpage.cpp" />
		<Unit filename="src/gpe_editor_helppage.cpp">
			<Option compilerVar="CC" />
		</Unit>
		<Unit filename="src/gpe_editor_helppage.h" />
		<Unit filename="src/gpe_editor_settings.cpp">
			<Option compilerVar="CC" />
		</Unit>
		<Unit filename="src/input_manager.cpp" />
		<Unit filename="src/input_manager.h" />
		<Unit filename="src/main.cpp" />
		<Unit filename="src/pathresource.cpp" />
		<Unit filename="src/pathresource.h" />
		<Unit filename="src/program_state.cpp" />
		<Unit filename="src/program_state.h" />
		<Unit filename="src/project_browser.cpp" />
		<Unit filename="src/project_properties.cpp" />
		<Unit filename="src/project_properties.h" />
		<Unit filename="src/resources_controller.cpp" />
		<Unit filename="src/resources_controller.h" />
		<Unit filename="src/shared_resources.cpp" />
		<Unit filename="src/shared_resources.h" />
		<Unit filename="src/sprite.cpp" />
		<Unit filename="src/sprite.h" />
		<Unit filename="src/spriteresource.cpp" />
		<Unit filename="src/spriteresource.h" />
		<Unit filename="src/stateManager.cpp" />
		<Unit filename="src/stateManager.h" />
		<Unit filename="src/string_ex.cpp" />
		<Unit filename="src/string_ex.h" />
		<Unit filename="src/textureresource.cpp" />
		<Unit filename="src/tilesheet_resource.cpp" />
		<Unit filename="src/timer.cpp" />
		<Unit filename="src/timer.h" />
		<Unit filename="src/video_resource.cpp" />
		<Extensions>
			<code_completion />
			<envvars />
			<debugger />
		</Extensions>
	</Project>
</CodeBlocks_project_file>
