<?xml version="1.0" encoding="UTF-8" standalone="yes" ?>
<CodeBlocks_project_file>
	<FileVersion major="1" minor="6" />
	<Project>
		<Option title="Game_Pencil_Engine_IDE" />
		<Option pch_mode="2" />
		<Option compiler="gcc" />
		<MakeCommands>
			<Build command="" />
			<CompileFile command="" />
			<Clean command="" />
			<DistClean command="" />
			<AskRebuildNeeded command="" />
			<SilentBuild command=" &gt; $(CMD_NULL)" />
		</MakeCommands>
		<Build>
			<Target title="Debug">
				<Option output="bin/Debug/Game_Pencil_Engine_IDE" prefix_auto="1" extension_auto="1" />
				<Option object_output="obj/Debug/" />
				<Option type="1" />
				<Option compiler="gcc" />
				<Option use_console_runner="0" />
				<Compiler>
					<Add option="-g" />
				</Compiler>
			</Target>
			<Target title="Release">
				<Option output="bin/Release/Game_Pencil_Engine_IDE" prefix_auto="1" extension_auto="1" />
				<Option object_output="obj/Release/" />
				<Option type="1" />
				<Option compiler="gcc" />
				<Option use_console_runner="0" />
				<Compiler>
					<Add option="-O2" />
					<Add option="-Wfatal-errors" />
					<Add option="-Wextra" />
				</Compiler>
			</Target>
		</Build>
		<Compiler>
			<Add directory="C:/Apps/SDL2-2.0.9/x86_64-w64-mingw32/include/SDL2" />
		</Compiler>
		<Linker>
			<Add option="-lmingw32 -lSDL2main -lSDL2 -lSDL2_image -lSDL2_mixer -lSDL2_ttf" />
			<Add directory="C:/Apps/SDL2-2.0.9/x86_64-w64-mingw32/lib" />
		</Linker>
		<Unit filename="resource.rc">
			<Option compilerVar="WINDRES" />
		</Unit>
		<Unit filename="src/AOSGUI/ambitious_gui_library.cpp" />
		<Unit filename="src/AOSGUI/ambitious_gui_library.h" />
		<Unit filename="src/AOSGUI/gpe_syntax_handler.cpp" />
		<Unit filename="src/AOSGUI/gpe_syntax_handler.h" />
		<Unit filename="src/AOSGUI/paw_gui.cpp" />
		<Unit filename="src/AOSGUI/paw_gui.h" />
		<Unit filename="src/AOSGUI/paw_gui_base.cpp" />
		<Unit filename="src/AOSGUI/paw_gui_base.h" />
		<Unit filename="src/AOSGUI/paw_gui_buttons.cpp" />
		<Unit filename="src/AOSGUI/paw_gui_buttons.h" />
		<Unit filename="src/AOSGUI/paw_gui_checkbox.cpp" />
		<Unit filename="src/AOSGUI/paw_gui_checkbox.h" />
		<Unit filename="src/AOSGUI/paw_gui_color_picker.cpp" />
		<Unit filename="src/AOSGUI/paw_gui_color_picker.h" />
		<Unit filename="src/AOSGUI/paw_gui_context.cpp" />
		<Unit filename="src/AOSGUI/paw_gui_context.h" />
		<Unit filename="src/AOSGUI/paw_gui_dropdown.cpp" />
		<Unit filename="src/AOSGUI/paw_gui_dropdown.h" />
		<Unit filename="src/AOSGUI/paw_gui_file_popups.cpp" />
		<Unit filename="src/AOSGUI/paw_gui_file_popups.h" />
		<Unit filename="src/AOSGUI/paw_gui_labels.cpp" />
		<Unit filename="src/AOSGUI/paw_gui_labels.h" />
		<Unit filename="src/AOSGUI/paw_gui_overlay.cpp" />
		<Unit filename="src/AOSGUI/paw_gui_overlay.h" />
		<Unit filename="src/AOSGUI/paw_gui_panel_list.cpp" />
		<Unit filename="src/AOSGUI/paw_gui_panel_list.h" />
		<Unit filename="src/AOSGUI/paw_gui_parsers.cpp" />
		<Unit filename="src/AOSGUI/paw_gui_parsers.h" />
		<Unit filename="src/AOSGUI/paw_gui_popups.cpp" />
		<Unit filename="src/AOSGUI/paw_gui_popups.h" />
		<Unit filename="src/AOSGUI/paw_gui_radiobuttons.cpp" />
		<Unit filename="src/AOSGUI/paw_gui_radiobuttons.h" />
		<Unit filename="src/AOSGUI/paw_gui_resource_dropdown.cpp" />
		<Unit filename="src/AOSGUI/paw_gui_resource_dropdown.h" />
		<Unit filename="src/AOSGUI/paw_gui_scrollbars.cpp" />
		<Unit filename="src/AOSGUI/paw_gui_scrollbars.h" />
		<Unit filename="src/AOSGUI/paw_gui_search_controller.cpp" />
		<Unit filename="src/AOSGUI/paw_gui_search_controller.h" />
		<Unit filename="src/AOSGUI/paw_gui_selectbox.cpp" />
		<Unit filename="src/AOSGUI/paw_gui_selectbox.h" />
		<Unit filename="src/AOSGUI/paw_gui_sliders.cpp" />
		<Unit filename="src/AOSGUI/paw_gui_sliders.h" />
		<Unit filename="src/AOSGUI/paw_gui_stree.cpp" />
		<Unit filename="src/AOSGUI/paw_gui_stree.h" />
		<Unit filename="src/AOSGUI/paw_gui_tab_basic.cpp" />
		<Unit filename="src/AOSGUI/paw_gui_tab_basic.h" />
		<Unit filename="src/AOSGUI/paw_gui_tab_manager.cpp" />
		<Unit filename="src/AOSGUI/paw_gui_tab_manager.h" />
		<Unit filename="src/AOSGUI/paw_gui_text_input.cpp" />
		<Unit filename="src/AOSGUI/paw_gui_text_input.h" />
		<Unit filename="src/AOSGUI/paw_gui_themes.cpp" />
		<Unit filename="src/AOSGUI/paw_gui_themes.h" />
		<Unit filename="src/AOSGUI/pawi_gui_resource_dropdown.h" />
		<Unit filename="src/AOSGUI/text_editor.cpp" />
		<Unit filename="src/AOSGUI/text_editor.h" />
		<Unit filename="src/GPE_Engine/GPE.cpp" />
		<Unit filename="src/GPE_Engine/GPE.h" />
		<Unit filename="src/GPE_Engine/GPE_Animation.cpp" />
		<Unit filename="src/GPE_Engine/GPE_Animation.h" />
		<Unit filename="src/GPE_Engine/GPE_Audio.cpp" />
		<Unit filename="src/GPE_Engine/GPE_Audio.h" />
		<Unit filename="src/GPE_Engine/GPE_Backgrounds.cpp" />
		<Unit filename="src/GPE_Engine/GPE_Backgrounds.h" />
		<Unit filename="src/GPE_Engine/GPE_Basic_Object.cpp" />
		<Unit filename="src/GPE_Engine/GPE_Basic_Object.h" />
		<Unit filename="src/GPE_Engine/GPE_CIncludes.h" />
		<Unit filename="src/GPE_Engine/GPE_Camera.cpp" />
		<Unit filename="src/GPE_Engine/GPE_Camera.h" />
		<Unit filename="src/GPE_Engine/GPE_Collisions.cpp" />
		<Unit filename="src/GPE_Engine/GPE_Collisions.h" />
		<Unit filename="src/GPE_Engine/GPE_Color.cpp" />
		<Unit filename="src/GPE_Engine/GPE_Color.h" />
		<Unit filename="src/GPE_Engine/GPE_Color_Manager.cpp" />
		<Unit filename="src/GPE_Engine/GPE_Color_Manager.h" />
		<Unit filename="src/GPE_Engine/GPE_Constants.h" />
		<Unit filename="src/GPE_Engine/GPE_Engine.cpp" />
		<Unit filename="src/GPE_Engine/GPE_Engine.h" />
		<Unit filename="src/GPE_Engine/GPE_File_System.cpp" />
		<Unit filename="src/GPE_Engine/GPE_File_System.h" />
		<Unit filename="src/GPE_Engine/GPE_Fonts.cpp" />
		<Unit filename="src/GPE_Engine/GPE_Fonts.h" />
		<Unit filename="src/GPE_Engine/GPE_Functions.cpp" />
		<Unit filename="src/GPE_Engine/GPE_Functions.h" />
		<Unit filename="src/GPE_Engine/GPE_Globals.cpp" />
		<Unit filename="src/GPE_Engine/GPE_Globals.h" />
		<Unit filename="src/GPE_Engine/GPE_Input.cpp" />
		<Unit filename="src/GPE_Engine/GPE_Input.h" />
		<Unit filename="src/GPE_Engine/GPE_Layers.cpp" />
		<Unit filename="src/GPE_Engine/GPE_Layers.h" />
		<Unit filename="src/GPE_Engine/GPE_Lights.cpp" />
		<Unit filename="src/GPE_Engine/GPE_Lights.h" />
		<Unit filename="src/GPE_Engine/GPE_Particles.cpp" />
		<Unit filename="src/GPE_Engine/GPE_Particles.h" />
		<Unit filename="src/GPE_Engine/GPE_Paths.cpp" />
		<Unit filename="src/GPE_Engine/GPE_Paths.h" />
		<Unit filename="src/GPE_Engine/GPE_Program_State.cpp" />
		<Unit filename="src/GPE_Engine/GPE_Program_State.h" />
		<Unit filename="src/GPE_Engine/GPE_Renderer.cpp" />
		<Unit filename="src/GPE_Engine/GPE_Renderer.h" />
		<Unit filename="src/GPE_Engine/GPE_Resources_Controller.cpp" />
		<Unit filename="src/GPE_Engine/GPE_Resources_Controller.h" />
		<Unit filename="src/GPE_Engine/GPE_Scene.cpp" />
		<Unit filename="src/GPE_Engine/GPE_Scene.h" />
		<Unit filename="src/GPE_Engine/GPE_Shapes.cpp" />
		<Unit filename="src/GPE_Engine/GPE_Shapes.h" />
		<Unit filename="src/GPE_Engine/GPE_Shared_Resources.cpp" />
		<Unit filename="src/GPE_Engine/GPE_Shared_Resources.h" />
		<Unit filename="src/GPE_Engine/GPE_Spatial_Partitions.cpp" />
		<Unit filename="src/GPE_Engine/GPE_Spatial_Partitions.h" />
		<Unit filename="src/GPE_Engine/GPE_State_Manager.cpp" />
		<Unit filename="src/GPE_Engine/GPE_State_Manager.h" />
		<Unit filename="src/GPE_Engine/GPE_String_Ex.cpp" />
		<Unit filename="src/GPE_Engine/GPE_String_Ex.h" />
		<Unit filename="src/GPE_Engine/GPE_Surface_Modifier.cpp" />
		<Unit filename="src/GPE_Engine/GPE_Surface_Modifier.h" />
		<Unit filename="src/GPE_Engine/GPE_Texture.cpp" />
		<Unit filename="src/GPE_Engine/GPE_Texture.h" />
		<Unit filename="src/GPE_Engine/GPE_Tiles.cpp" />
		<Unit filename="src/GPE_Engine/GPE_Tiles.h" />
		<Unit filename="src/GPE_Engine/GPE_Timer.cpp" />
		<Unit filename="src/GPE_Engine/GPE_Timer.h" />
		<Unit filename="src/GPE_Engine/GPE_Translator.cpp" />
		<Unit filename="src/GPE_Engine/GPE_Translator.h" />
		<Unit filename="src/animation_resource.cpp" />
		<Unit filename="src/animation_resource.h" />
		<Unit filename="src/audio_resource.cpp" />
		<Unit filename="src/audio_resource.h" />
		<Unit filename="src/class_resource.cpp" />
		<Unit filename="src/class_resource.h" />
		<Unit filename="src/fontResource.h" />
		<Unit filename="src/font_resource.cpp" />
		<Unit filename="src/font_resource.h" />
		<Unit filename="src/function_resource.cpp" />
		<Unit filename="src/function_resource.h" />
		<Unit filename="src/game_object_resource.cpp" />
		<Unit filename="src/game_object_resource.h" />
		<Unit filename="src/game_scene_resource.cpp" />
		<Unit filename="src/game_scene_resource.h" />
		<Unit filename="src/gpe_basic_resource_page.cpp" />
		<Unit filename="src/gpe_basic_resource_page.h" />
		<Unit filename="src/gpe_cpp_compiler.cpp" />
		<Unit filename="src/gpe_cpp_compiler.h" />
		<Unit filename="src/gpe_cpp_compiler_settings.cpp" />
		<Unit filename="src/gpe_cpp_compiler_settings.h" />
		<Unit filename="src/gpe_dock_system.cpp" />
		<Unit filename="src/gpe_dock_system.h" />
		<Unit filename="src/gpe_editor.cpp" />
		<Unit filename="src/gpe_editor.h" />
		<Unit filename="src/gpe_editor_aboutpage.cpp" />
		<Unit filename="src/gpe_editor_aboutpage.h" />
		<Unit filename="src/gpe_editor_helppage.cpp">
			<Option compilerVar="CC" />
		</Unit>
		<Unit filename="src/gpe_editor_helppage.h" />
		<Unit filename="src/gpe_editor_settings.cpp">
			<Option compilerVar="CC" />
		</Unit>
		<Unit filename="src/gpe_editor_settings.h" />
		<Unit filename="src/gpe_editor_start_page.cpp" />
		<Unit filename="src/gpe_editor_start_page.h" />
		<Unit filename="src/gpe_extra_tools.cpp" />
		<Unit filename="src/gpe_extra_tools.h" />
		<Unit filename="src/gpe_gamecontroller_tester.cpp" />
		<Unit filename="src/gpe_gamecontroller_tester.h" />
		<Unit filename="src/gpe_js_compiler_settings.cpp" />
		<Unit filename="src/gpe_js_compiler_settings.h" />
		<Unit filename="src/gpe_log_manager.cpp" />
		<Unit filename="src/gpe_log_manager.h" />
		<Unit filename="src/gpe_project_resources.cpp" />
		<Unit filename="src/gpe_project_resources.h" />
		<Unit filename="src/gpe_resource_tree.cpp" />
		<Unit filename="src/gpe_resource_tree.h" />
		<Unit filename="src/gpe_scene_animation_class.cpp" />
		<Unit filename="src/gpe_scene_animation_class.h" />
		<Unit filename="src/gpe_scene_background_class.cpp" />
		<Unit filename="src/gpe_scene_background_class.h" />
		<Unit filename="src/gpe_scene_basic_class.cpp" />
		<Unit filename="src/gpe_scene_basic_class.h" />
		<Unit filename="src/gpe_scene_group_class.cpp" />
		<Unit filename="src/gpe_scene_group_class.h" />
		<Unit filename="src/gpe_scene_helper_class.cpp" />
		<Unit filename="src/gpe_scene_helper_class.h" />
		<Unit filename="src/gpe_scene_layer_class.cpp" />
		<Unit filename="src/gpe_scene_layer_class.h" />
		<Unit filename="src/gpe_scene_light_class.cpp" />
		<Unit filename="src/gpe_scene_light_class.h" />
		<Unit filename="src/gpe_scene_object_class.cpp" />
		<Unit filename="src/gpe_scene_object_class.h" />
		<Unit filename="src/gpe_scene_particle_class.cpp" />
		<Unit filename="src/gpe_scene_particle_class.h" />
		<Unit filename="src/gpe_scene_text_class.cpp" />
		<Unit filename="src/gpe_scene_text_class.h" />
		<Unit filename="src/gpe_scene_tilemap_class.cpp" />
		<Unit filename="src/gpe_scene_tilemap_class.h" />
		<Unit filename="src/light_resource.cpp" />
		<Unit filename="src/light_resource.h" />
		<Unit filename="src/main.cpp" />
		<Unit filename="src/particle_resource.cpp" />
		<Unit filename="src/particle_resource.h" />
		<Unit filename="src/path_resource.cpp" />
		<Unit filename="src/path_resource.h" />
		<Unit filename="src/project_properties.cpp" />
		<Unit filename="src/project_properties.h" />
		<Unit filename="src/texture_resource.cpp" />
		<Unit filename="src/texture_resource.h" />
		<Unit filename="src/tilesheet_resource.cpp" />
		<Unit filename="src/tilesheet_resource.h" />
		<Unit filename="src/video_resource.cpp" />
		<Unit filename="src/video_resource.h" />
		<Extensions>
			<code_completion />
			<envvars />
			<debugger />
		</Extensions>
	</Project>
</CodeBlocks_project_file>
